
Microsoft Visual Studio Solution File, Format Version 12.00
# Visual Studio Version 17
VisualStudioVersion = 17.13.35931.197 d17.13
MinimumVisualStudioVersion = 10.0.40219.1
Project("{FAE04EC0-301F-11D3-BF4B-00C04F79EFBC}") = "TwoSum", "TwoSum.csproj", "{054CD7C6-4BBD-4DA4-9DC1-A519C430CCA6}"
EndProject
Global
	GlobalSection(SolutionConfigurationPlatforms) = preSolution
		Debug|Any CPU = Debug|Any CPU
		Release|Any CPU = Release|Any CPU
	EndGlobalSection
	GlobalSection(ProjectConfigurationPlatforms) = postSolution
		{054CD7C6-4BBD-4DA4-9DC1-A519C430CCA6}.Debug|Any CPU.ActiveCfg = Debug|Any CPU
		{054CD7C6-4BBD-4DA4-9DC1-A519C430CCA6}.Debug|Any CPU.Build.0 = Debug|Any CPU
		{054CD7C6-4BBD-4DA4-9DC1-A519C430CCA6}.Release|Any CPU.ActiveCfg = Release|Any CPU
		{054CD7C6-4BBD-4DA4-9DC1-A519C430CCA6}.Release|Any CPU.Build.0 = Release|Any CPU
	EndGlobalSection
	GlobalSection(SolutionProperties) = preSolution
		HideSolutionNode = FALSE
	EndGlobalSection
	GlobalSection(ExtensibilityGlobals) = postSolution
		SolutionGuid = {F3C6A7D8-6060-4A14-B61E-0261B479F331}
	EndGlobalSection
EndGlobal
